
Microsoft Visual Studio Solution File, Format Version 11.00
# Visual Studio 2010
Project("{FAE04EC0-301F-11D3-BF4B-00C04F79EFBC}") = "NetMQ", "NetMQ\NetMQ.csproj", "{82934BAC-07FB-41AC-AE59-46FEE6026A40}"
EndProject
Project("{2150E333-8FDC-42A3-9474-1A3956D46DE8}") = "Performance", "Performance", "{1D49A4C6-C03C-4F72-9A27-42C8E5219BBA}"
EndProject
Project("{FAE04EC0-301F-11D3-BF4B-00C04F79EFBC}") = "local_thr", "Performance\local_thr\local_thr.csproj", "{0CF55C84-64D1-4E50-BCD2-14F4D39DE2BF}"
EndProject
Project("{FAE04EC0-301F-11D3-BF4B-00C04F79EFBC}") = "remote_thr", "Performance\remote_thr\remote_thr.csproj", "{BFCBB08C-0DFE-4D8A-8288-E98E22D1FD24}"
EndProject
Project("{FAE04EC0-301F-11D3-BF4B-00C04F79EFBC}") = "NetMQ.Tests", "NetMQ.Tests\NetMQ.Tests.csproj", "{526095CB-16A6-47C3-9F45-72A8530E5762}"
EndProject
Project("{FAE04EC0-301F-11D3-BF4B-00C04F79EFBC}") = "remote_lat", "Performance\remote_lat\remote_lat.csproj", "{6D5192C6-8E40-492C-B4B8-E1A325BA35F7}"
EndProject
Project("{FAE04EC0-301F-11D3-BF4B-00C04F79EFBC}") = "local_lat", "Performance\local_lat\local_lat.csproj", "{4BB8D1CB-12E1-4C88-ABE0-29358CD02101}"
EndProject
Project("{2150E333-8FDC-42A3-9474-1A3956D46DE8}") = "Samples", "Samples", "{0D41951D-83C3-45B0-B319-A424EBF530E2}"
EndProject
Project("{2150E333-8FDC-42A3-9474-1A3956D46DE8}") = "WeatherUpdate", "WeatherUpdate", "{C6CA5118-649F-4389-A36E-70F7600FB99B}"
EndProject
Project("{2150E333-8FDC-42A3-9474-1A3956D46DE8}") = "HelloWorld", "HelloWorld", "{5A526E6B-083E-419A-A2BD-A0C807E6FA0E}"
EndProject
Project("{FAE04EC0-301F-11D3-BF4B-00C04F79EFBC}") = "HelloWorld", "Samples\HelloWorld\HelloWorld.csproj", "{7AB16EE9-4A79-4BFB-8C0B-D1A076E34896}"
EndProject
Project("{FAE04EC0-301F-11D3-BF4B-00C04F79EFBC}") = "WeatherUpdateClient", "Samples\WeatherUpdater\WeatherUpdateClient\WeatherUpdateClient.csproj", "{37B320C0-9E44-44EF-B89A-E671DBA4986B}"
EndProject
Project("{FAE04EC0-301F-11D3-BF4B-00C04F79EFBC}") = "WeatherUpdateServer", "Samples\WeatherUpdater\WeatherUpdateServer\WeatherUpdateServer.csproj", "{5B8F7740-EFD5-46B9-8A96-2E1F47385295}"
EndProject
Global
	GlobalSection(SolutionConfigurationPlatforms) = preSolution
		Debug|Any CPU = Debug|Any CPU
		Debug|Mixed Platforms = Debug|Mixed Platforms
		Debug|x64 = Debug|x64
		Debug|x86 = Debug|x86
		Release|Any CPU = Release|Any CPU
		Release|Mixed Platforms = Release|Mixed Platforms
		Release|x64 = Release|x64
		Release|x86 = Release|x86
	EndGlobalSection
	GlobalSection(ProjectConfigurationPlatforms) = postSolution
		{82934BAC-07FB-41AC-AE59-46FEE6026A40}.Debug|Any CPU.ActiveCfg = Debug|Any CPU
		{82934BAC-07FB-41AC-AE59-46FEE6026A40}.Debug|Any CPU.Build.0 = Debug|Any CPU
		{82934BAC-07FB-41AC-AE59-46FEE6026A40}.Debug|Mixed Platforms.ActiveCfg = Debug|Any CPU
		{82934BAC-07FB-41AC-AE59-46FEE6026A40}.Debug|Mixed Platforms.Build.0 = Debug|Any CPU
		{82934BAC-07FB-41AC-AE59-46FEE6026A40}.Debug|x64.ActiveCfg = Debug|Any CPU
		{82934BAC-07FB-41AC-AE59-46FEE6026A40}.Debug|x86.ActiveCfg = Debug|Any CPU
		{82934BAC-07FB-41AC-AE59-46FEE6026A40}.Release|Any CPU.ActiveCfg = Release|Any CPU
		{82934BAC-07FB-41AC-AE59-46FEE6026A40}.Release|Any CPU.Build.0 = Release|Any CPU
		{82934BAC-07FB-41AC-AE59-46FEE6026A40}.Release|Mixed Platforms.ActiveCfg = Release|Any CPU
		{82934BAC-07FB-41AC-AE59-46FEE6026A40}.Release|Mixed Platforms.Build.0 = Release|Any CPU
		{82934BAC-07FB-41AC-AE59-46FEE6026A40}.Release|x64.ActiveCfg = Release|Any CPU
		{82934BAC-07FB-41AC-AE59-46FEE6026A40}.Release|x86.ActiveCfg = Release|Any CPU
		{0CF55C84-64D1-4E50-BCD2-14F4D39DE2BF}.Debug|Any CPU.ActiveCfg = Debug|x86
		{0CF55C84-64D1-4E50-BCD2-14F4D39DE2BF}.Debug|Mixed Platforms.ActiveCfg = Debug|x86
		{0CF55C84-64D1-4E50-BCD2-14F4D39DE2BF}.Debug|Mixed Platforms.Build.0 = Debug|x86
		{0CF55C84-64D1-4E50-BCD2-14F4D39DE2BF}.Debug|x64.ActiveCfg = Debug|x86
		{0CF55C84-64D1-4E50-BCD2-14F4D39DE2BF}.Debug|x86.ActiveCfg = Debug|x86
		{0CF55C84-64D1-4E50-BCD2-14F4D39DE2BF}.Debug|x86.Build.0 = Debug|x86
		{0CF55C84-64D1-4E50-BCD2-14F4D39DE2BF}.Release|Any CPU.ActiveCfg = Release|x86
		{0CF55C84-64D1-4E50-BCD2-14F4D39DE2BF}.Release|Mixed Platforms.ActiveCfg = Release|x86
		{0CF55C84-64D1-4E50-BCD2-14F4D39DE2BF}.Release|Mixed Platforms.Build.0 = Release|x86
		{0CF55C84-64D1-4E50-BCD2-14F4D39DE2BF}.Release|x64.ActiveCfg = Release|x86
		{0CF55C84-64D1-4E50-BCD2-14F4D39DE2BF}.Release|x86.ActiveCfg = Release|x86
		{0CF55C84-64D1-4E50-BCD2-14F4D39DE2BF}.Release|x86.Build.0 = Release|x86
		{BFCBB08C-0DFE-4D8A-8288-E98E22D1FD24}.Debug|Any CPU.ActiveCfg = Debug|x86
		{BFCBB08C-0DFE-4D8A-8288-E98E22D1FD24}.Debug|Mixed Platforms.ActiveCfg = Debug|x86
		{BFCBB08C-0DFE-4D8A-8288-E98E22D1FD24}.Debug|Mixed Platforms.Build.0 = Debug|x86
		{BFCBB08C-0DFE-4D8A-8288-E98E22D1FD24}.Debug|x64.ActiveCfg = Debug|x86
		{BFCBB08C-0DFE-4D8A-8288-E98E22D1FD24}.Debug|x86.ActiveCfg = Debug|x86
		{BFCBB08C-0DFE-4D8A-8288-E98E22D1FD24}.Debug|x86.Build.0 = Debug|x86
		{BFCBB08C-0DFE-4D8A-8288-E98E22D1FD24}.Release|Any CPU.ActiveCfg = Release|x86
		{BFCBB08C-0DFE-4D8A-8288-E98E22D1FD24}.Release|Mixed Platforms.ActiveCfg = Release|x86
		{BFCBB08C-0DFE-4D8A-8288-E98E22D1FD24}.Release|Mixed Platforms.Build.0 = Release|x86
		{BFCBB08C-0DFE-4D8A-8288-E98E22D1FD24}.Release|x64.ActiveCfg = Release|x86
		{BFCBB08C-0DFE-4D8A-8288-E98E22D1FD24}.Release|x86.ActiveCfg = Release|x86
		{BFCBB08C-0DFE-4D8A-8288-E98E22D1FD24}.Release|x86.Build.0 = Release|x86
		{526095CB-16A6-47C3-9F45-72A8530E5762}.Debug|Any CPU.ActiveCfg = Debug|Any CPU
		{526095CB-16A6-47C3-9F45-72A8530E5762}.Debug|Any CPU.Build.0 = Debug|Any CPU
		{526095CB-16A6-47C3-9F45-72A8530E5762}.Debug|Mixed Platforms.ActiveCfg = Debug|Any CPU
		{526095CB-16A6-47C3-9F45-72A8530E5762}.Debug|Mixed Platforms.Build.0 = Debug|Any CPU
		{526095CB-16A6-47C3-9F45-72A8530E5762}.Debug|x64.ActiveCfg = Debug|Any CPU
		{526095CB-16A6-47C3-9F45-72A8530E5762}.Debug|x86.ActiveCfg = Debug|Any CPU
		{526095CB-16A6-47C3-9F45-72A8530E5762}.Release|Any CPU.ActiveCfg = Release|Any CPU
		{526095CB-16A6-47C3-9F45-72A8530E5762}.Release|Any CPU.Build.0 = Release|Any CPU
		{526095CB-16A6-47C3-9F45-72A8530E5762}.Release|Mixed Platforms.ActiveCfg = Release|Any CPU
		{526095CB-16A6-47C3-9F45-72A8530E5762}.Release|Mixed Platforms.Build.0 = Release|Any CPU
		{526095CB-16A6-47C3-9F45-72A8530E5762}.Release|x64.ActiveCfg = Release|Any CPU
		{526095CB-16A6-47C3-9F45-72A8530E5762}.Release|x86.ActiveCfg = Release|Any CPU
		{6D5192C6-8E40-492C-B4B8-E1A325BA35F7}.Debug|Any CPU.ActiveCfg = Debug|x86
		{6D5192C6-8E40-492C-B4B8-E1A325BA35F7}.Debug|Mixed Platforms.ActiveCfg = Debug|x86
		{6D5192C6-8E40-492C-B4B8-E1A325BA35F7}.Debug|Mixed Platforms.Build.0 = Debug|x86
		{6D5192C6-8E40-492C-B4B8-E1A325BA35F7}.Debug|x64.ActiveCfg = Debug|x86
		{6D5192C6-8E40-492C-B4B8-E1A325BA35F7}.Debug|x86.ActiveCfg = Debug|x86
		{6D5192C6-8E40-492C-B4B8-E1A325BA35F7}.Debug|x86.Build.0 = Debug|x86
		{6D5192C6-8E40-492C-B4B8-E1A325BA35F7}.Release|Any CPU.ActiveCfg = Release|x86
		{6D5192C6-8E40-492C-B4B8-E1A325BA35F7}.Release|Mixed Platforms.ActiveCfg = Release|x86
		{6D5192C6-8E40-492C-B4B8-E1A325BA35F7}.Release|Mixed Platforms.Build.0 = Release|x86
		{6D5192C6-8E40-492C-B4B8-E1A325BA35F7}.Release|x64.ActiveCfg = Release|x86
		{6D5192C6-8E40-492C-B4B8-E1A325BA35F7}.Release|x86.ActiveCfg = Release|x86
		{6D5192C6-8E40-492C-B4B8-E1A325BA35F7}.Release|x86.Build.0 = Release|x86
		{4BB8D1CB-12E1-4C88-ABE0-29358CD02101}.Debug|Any CPU.ActiveCfg = Debug|x86
		{4BB8D1CB-12E1-4C88-ABE0-29358CD02101}.Debug|Mixed Platforms.ActiveCfg = Debug|x86
		{4BB8D1CB-12E1-4C88-ABE0-29358CD02101}.Debug|Mixed Platforms.Build.0 = Debug|x86
		{4BB8D1CB-12E1-4C88-ABE0-29358CD02101}.Debug|x64.ActiveCfg = Debug|x86
		{4BB8D1CB-12E1-4C88-ABE0-29358CD02101}.Debug|x86.ActiveCfg = Debug|x86
		{4BB8D1CB-12E1-4C88-ABE0-29358CD02101}.Debug|x86.Build.0 = Debug|x86
		{4BB8D1CB-12E1-4C88-ABE0-29358CD02101}.Release|Any CPU.ActiveCfg = Release|x86
		{4BB8D1CB-12E1-4C88-ABE0-29358CD02101}.Release|Mixed Platforms.ActiveCfg = Release|x86
		{4BB8D1CB-12E1-4C88-ABE0-29358CD02101}.Release|Mixed Platforms.Build.0 = Release|x86
		{4BB8D1CB-12E1-4C88-ABE0-29358CD02101}.Release|x64.ActiveCfg = Release|x86
		{4BB8D1CB-12E1-4C88-ABE0-29358CD02101}.Release|x86.ActiveCfg = Release|x86
		{4BB8D1CB-12E1-4C88-ABE0-29358CD02101}.Release|x86.Build.0 = Release|x86
		{7AB16EE9-4A79-4BFB-8C0B-D1A076E34896}.Debug|Any CPU.ActiveCfg = Debug|Any CPU
		{7AB16EE9-4A79-4BFB-8C0B-D1A076E34896}.Debug|Any CPU.Build.0 = Debug|Any CPU
		{7AB16EE9-4A79-4BFB-8C0B-D1A076E34896}.Debug|Mixed Platforms.ActiveCfg = Debug|Any CPU
		{7AB16EE9-4A79-4BFB-8C0B-D1A076E34896}.Debug|Mixed Platforms.Build.0 = Debug|Any CPU
		{7AB16EE9-4A79-4BFB-8C0B-D1A076E34896}.Debug|x64.ActiveCfg = Debug|Any CPU
		{7AB16EE9-4A79-4BFB-8C0B-D1A076E34896}.Debug|x86.ActiveCfg = Debug|Any CPU
		{7AB16EE9-4A79-4BFB-8C0B-D1A076E34896}.Release|Any CPU.ActiveCfg = Release|Any CPU
		{7AB16EE9-4A79-4BFB-8C0B-D1A076E34896}.Release|Any CPU.Build.0 = Release|Any CPU
		{7AB16EE9-4A79-4BFB-8C0B-D1A076E34896}.Release|Mixed Platforms.ActiveCfg = Release|Any CPU
		{7AB16EE9-4A79-4BFB-8C0B-D1A076E34896}.Release|Mixed Platforms.Build.0 = Release|Any CPU
		{7AB16EE9-4A79-4BFB-8C0B-D1A076E34896}.Release|x64.ActiveCfg = Release|Any CPU
		{7AB16EE9-4A79-4BFB-8C0B-D1A076E34896}.Release|x86.ActiveCfg = Release|Any CPU
		{37B320C0-9E44-44EF-B89A-E671DBA4986B}.Debug|Any CPU.ActiveCfg = Debug|x86
		{37B320C0-9E44-44EF-B89A-E671DBA4986B}.Debug|Mixed Platforms.ActiveCfg = Debug|x86
		{37B320C0-9E44-44EF-B89A-E671DBA4986B}.Debug|Mixed Platforms.Build.0 = Debug|x86
		{37B320C0-9E44-44EF-B89A-E671DBA4986B}.Debug|x64.ActiveCfg = Debug|x86
		{37B320C0-9E44-44EF-B89A-E671DBA4986B}.Debug|x86.ActiveCfg = Debug|x86
		{37B320C0-9E44-44EF-B89A-E671DBA4986B}.Debug|x86.Build.0 = Debug|x86
		{37B320C0-9E44-44EF-B89A-E671DBA4986B}.Release|Any CPU.ActiveCfg = Release|x86
		{37B320C0-9E44-44EF-B89A-E671DBA4986B}.Release|Mixed Platforms.ActiveCfg = Release|x86
		{37B320C0-9E44-44EF-B89A-E671DBA4986B}.Release|Mixed Platforms.Build.0 = Release|x86
		{37B320C0-9E44-44EF-B89A-E671DBA4986B}.Release|x64.ActiveCfg = Release|x86
		{37B320C0-9E44-44EF-B89A-E671DBA4986B}.Release|x86.ActiveCfg = Release|x86
		{37B320C0-9E44-44EF-B89A-E671DBA4986B}.Release|x86.Build.0 = Release|x86
		{5B8F7740-EFD5-46B9-8A96-2E1F47385295}.Debug|Any CPU.ActiveCfg = Debug|x86
		{5B8F7740-EFD5-46B9-8A96-2E1F47385295}.Debug|Mixed Platforms.ActiveCfg = Debug|x86
		{5B8F7740-EFD5-46B9-8A96-2E1F47385295}.Debug|Mixed Platforms.Build.0 = Debug|x86
		{5B8F7740-EFD5-46B9-8A96-2E1F47385295}.Debug|x64.ActiveCfg = Debug|x86
		{5B8F7740-EFD5-46B9-8A96-2E1F47385295}.Debug|x86.ActiveCfg = Debug|x86
		{5B8F7740-EFD5-46B9-8A96-2E1F47385295}.Debug|x86.Build.0 = Debug|x86
		{5B8F7740-EFD5-46B9-8A96-2E1F47385295}.Release|Any CPU.ActiveCfg = Release|x86
		{5B8F7740-EFD5-46B9-8A96-2E1F47385295}.Release|Mixed Platforms.ActiveCfg = Release|x86
		{5B8F7740-EFD5-46B9-8A96-2E1F47385295}.Release|Mixed Platforms.Build.0 = Release|x86
		{5B8F7740-EFD5-46B9-8A96-2E1F47385295}.Release|x64.ActiveCfg = Release|x86
		{5B8F7740-EFD5-46B9-8A96-2E1F47385295}.Release|x86.ActiveCfg = Release|x86
		{5B8F7740-EFD5-46B9-8A96-2E1F47385295}.Release|x86.Build.0 = Release|x86
	EndGlobalSection
	GlobalSection(SolutionProperties) = preSolution
		HideSolutionNode = FALSE
	EndGlobalSection
	GlobalSection(NestedProjects) = preSolution
		{0CF55C84-64D1-4E50-BCD2-14F4D39DE2BF} = {1D49A4C6-C03C-4F72-9A27-42C8E5219BBA}
		{BFCBB08C-0DFE-4D8A-8288-E98E22D1FD24} = {1D49A4C6-C03C-4F72-9A27-42C8E5219BBA}
		{6D5192C6-8E40-492C-B4B8-E1A325BA35F7} = {1D49A4C6-C03C-4F72-9A27-42C8E5219BBA}
		{4BB8D1CB-12E1-4C88-ABE0-29358CD02101} = {1D49A4C6-C03C-4F72-9A27-42C8E5219BBA}
		{C6CA5118-649F-4389-A36E-70F7600FB99B} = {0D41951D-83C3-45B0-B319-A424EBF530E2}
		{5A526E6B-083E-419A-A2BD-A0C807E6FA0E} = {0D41951D-83C3-45B0-B319-A424EBF530E2}
		{37B320C0-9E44-44EF-B89A-E671DBA4986B} = {C6CA5118-649F-4389-A36E-70F7600FB99B}
		{5B8F7740-EFD5-46B9-8A96-2E1F47385295} = {C6CA5118-649F-4389-A36E-70F7600FB99B}
		{7AB16EE9-4A79-4BFB-8C0B-D1A076E34896} = {5A526E6B-083E-419A-A2BD-A0C807E6FA0E}
	EndGlobalSection
EndGlobal
