
Microsoft Visual Studio Solution File, Format Version 12.00
# Visual Studio 2013
VisualStudioVersion = 12.0.30723.0
MinimumVisualStudioVersion = 10.0.40219.1
Project("{FAE04EC0-301F-11D3-BF4B-00C04F79EFBC}") = "NetMQ", "NetMQ\NetMQ.csproj", "{82934BAC-07FB-41AC-AE59-46FEE6026A40}"
EndProject
Project("{2150E333-8FDC-42A3-9474-1A3956D46DE8}") = "Performance", "Performance", "{1D49A4C6-C03C-4F72-9A27-42C8E5219BBA}"
EndProject
Project("{FAE04EC0-301F-11D3-BF4B-00C04F79EFBC}") = "local_thr", "Performance\local_thr\local_thr.csproj", "{0CF55C84-64D1-4E50-BCD2-14F4D39DE2BF}"
EndProject
Project("{FAE04EC0-301F-11D3-BF4B-00C04F79EFBC}") = "remote_thr", "Performance\remote_thr\remote_thr.csproj", "{BFCBB08C-0DFE-4D8A-8288-E98E22D1FD24}"
EndProject
Project("{FAE04EC0-301F-11D3-BF4B-00C04F79EFBC}") = "NetMQ.Tests", "NetMQ.Tests\NetMQ.Tests.csproj", "{526095CB-16A6-47C3-9F45-72A8530E5762}"
EndProject
Project("{FAE04EC0-301F-11D3-BF4B-00C04F79EFBC}") = "remote_lat", "Performance\remote_lat\remote_lat.csproj", "{6D5192C6-8E40-492C-B4B8-E1A325BA35F7}"
EndProject
Project("{FAE04EC0-301F-11D3-BF4B-00C04F79EFBC}") = "local_lat", "Performance\local_lat\local_lat.csproj", "{4BB8D1CB-12E1-4C88-ABE0-29358CD02101}"
EndProject
Project("{2150E333-8FDC-42A3-9474-1A3956D46DE8}") = "Samples", "Samples", "{0D41951D-83C3-45B0-B319-A424EBF530E2}"
EndProject
Project("{2150E333-8FDC-42A3-9474-1A3956D46DE8}") = "WeatherUpdate", "WeatherUpdate", "{C6CA5118-649F-4389-A36E-70F7600FB99B}"
EndProject
Project("{2150E333-8FDC-42A3-9474-1A3956D46DE8}") = "HelloWorld", "HelloWorld", "{5A526E6B-083E-419A-A2BD-A0C807E6FA0E}"
EndProject
Project("{FAE04EC0-301F-11D3-BF4B-00C04F79EFBC}") = "HelloWorld", "Samples\HelloWorld\HelloWorld.csproj", "{7AB16EE9-4A79-4BFB-8C0B-D1A076E34896}"
EndProject
Project("{FAE04EC0-301F-11D3-BF4B-00C04F79EFBC}") = "WeatherUpdateClient", "Samples\WeatherUpdater\WeatherUpdateClient\WeatherUpdateClient.csproj", "{37B320C0-9E44-44EF-B89A-E671DBA4986B}"
EndProject
Project("{FAE04EC0-301F-11D3-BF4B-00C04F79EFBC}") = "WeatherUpdateServer", "Samples\WeatherUpdater\WeatherUpdateServer\WeatherUpdateServer.csproj", "{5B8F7740-EFD5-46B9-8A96-2E1F47385295}"
EndProject
Project("{2150E333-8FDC-42A3-9474-1A3956D46DE8}") = "Brokerless Reliability (Freelance Pattern)", "Brokerless Reliability (Freelance Pattern)", "{CCC09B86-B0E6-47B4-B05A-8F10F2135F6C}"
EndProject
Project("{2150E333-8FDC-42A3-9474-1A3956D46DE8}") = "Model One", "Model One", "{CE56606F-1893-48CD-B367-77BCD0D4252F}"
EndProject
Project("{FAE04EC0-301F-11D3-BF4B-00C04F79EFBC}") = "Freelance.ModelOne.Client", "Samples\Brokerless Reliability (Freelance Pattern)\Model One\Freelance.ModelOne.Client\Freelance.ModelOne.Client.csproj", "{0A5BC1E9-BB65-40BC-83CA-7F68D528ECB4}"
EndProject
Project("{FAE04EC0-301F-11D3-BF4B-00C04F79EFBC}") = "Freelance.ModelOne.Server", "Samples\Brokerless Reliability (Freelance Pattern)\Model One\Freelance.ModelOne.Server\Freelance.ModelOne.Server.csproj", "{99E7E475-C96D-45EB-92D3-D25D6E89693A}"
EndProject
Project("{2150E333-8FDC-42A3-9474-1A3956D46DE8}") = "Load Balancing Pattern", "Load Balancing Pattern", "{55C902FD-5A18-43E3-A980-8B7E2A01B837}"
EndProject
Project("{FAE04EC0-301F-11D3-BF4B-00C04F79EFBC}") = "ROUTERbrokerDEALERworkers", "Samples\Load Balancing Pattern\ROUTERbrokerDEALERworkers\ROUTERbrokerDEALERworkers.csproj", "{DE0D8B83-DAB8-4EAF-9336-0A1614165AD8}"
EndProject
Project("{FAE04EC0-301F-11D3-BF4B-00C04F79EFBC}") = "ROUTERbrokerREQworkers", "Samples\Load Balancing Pattern\ROUTERbrokerREQworkers\ROUTERbrokerREQworkers.csproj", "{B3402B17-15B1-423D-B031-349ADBAFFC3E}"
EndProject
Project("{2150E333-8FDC-42A3-9474-1A3956D46DE8}") = "Pirate Pattern", "Pirate Pattern", "{4DA03FE0-FA2B-4B71-B95C-60BD14359D40}"
EndProject
Project("{2150E333-8FDC-42A3-9474-1A3956D46DE8}") = "Lazy Pirate", "Lazy Pirate", "{8F3B82AB-A6CE-4685-A846-83209A10A12B}"
EndProject
Project("{FAE04EC0-301F-11D3-BF4B-00C04F79EFBC}") = "LazyPirate.Client", "Samples\Pirate Pattern\Lazy Pirate\LazyPirate.Client\LazyPirate.Client.csproj", "{717F3F1C-BA8B-4212-AA40-AD0452952793}"
EndProject
Project("{FAE04EC0-301F-11D3-BF4B-00C04F79EFBC}") = "LazyPirate.Server", "Samples\Pirate Pattern\Lazy Pirate\LazyPirate.Server\LazyPirate.Server.csproj", "{859618CC-4269-42F4-95A1-35CC5D682022}"
EndProject
Project("{2150E333-8FDC-42A3-9474-1A3956D46DE8}") = "Simple Pirate", "Simple Pirate", "{FF804DE7-C99A-477C-9EC4-CCBEC87596AB}"
EndProject
Project("{FAE04EC0-301F-11D3-BF4B-00C04F79EFBC}") = "SimplePirate.Client", "Samples\Pirate Pattern\Simple Pirate\SimplePirate.Client\SimplePirate.Client.csproj", "{AF3B21D1-F86D-49D1-BE76-DF17F27EFF3F}"
EndProject
Project("{FAE04EC0-301F-11D3-BF4B-00C04F79EFBC}") = "SimplePirate.Worker", "Samples\Pirate Pattern\Simple Pirate\SimplePirate.Worker\SimplePirate.Worker.csproj", "{45B74B50-0E86-45B3-9B49-50D8B4F50212}"
EndProject
Project("{FAE04EC0-301F-11D3-BF4B-00C04F79EFBC}") = "SimplePirate.Queue", "Samples\Pirate Pattern\Simple Pirate\SimplePirate.Queue\SimplePirate.Queue.csproj", "{72A7CABE-F118-4C05-8887-D7174EB10018}"
EndProject
Project("{2150E333-8FDC-42A3-9474-1A3956D46DE8}") = "Multithreading", "Multithreading", "{48AFF127-33AE-4462-9CEF-B12F2FE6EB29}"
EndProject
Project("{2150E333-8FDC-42A3-9474-1A3956D46DE8}") = "Multithreaded Service", "Multithreaded Service", "{A5499CDF-674E-42C4-B9C0-D1F18A61B0C6}"
EndProject
Project("{FAE04EC0-301F-11D3-BF4B-00C04F79EFBC}") = "MultithreadedService", "Samples\Multithreading\Multithreaded Service\MultithreadedService\MultithreadedService.csproj", "{47791A50-18FA-4534-974A-9C38AAF9EEAC}"
EndProject
Project("{FAE04EC0-301F-11D3-BF4B-00C04F79EFBC}") = "NetMQ.SimpleTests", "Performance\NetMQ.SimpleTests\NetMQ.SimpleTests.csproj", "{9D199424-9F3A-442B-B74B-6C4A97D601F7}"
EndProject
Project("{2150E333-8FDC-42A3-9474-1A3956D46DE8}") = "Extended Request Reply", "Extended Request Reply", "{31C67BA1-D6A4-4CA3-8332-D35F950C5F63}"
EndProject
Project("{FAE04EC0-301F-11D3-BF4B-00C04F79EFBC}") = "RequestReplyBroker", "Samples\Load Balancing Pattern\Extended Request Reply\RequestReplyBroker\RequestReplyBroker.csproj", "{6CEDB2F2-013F-4EF2-BB69-16B6D5E8962A}"
EndProject
Project("{FAE04EC0-301F-11D3-BF4B-00C04F79EFBC}") = "RequestReplyClient", "Samples\Load Balancing Pattern\Extended Request Reply\RequestReplyClient\RequestReplyClient.csproj", "{5A370F99-247A-4238-8062-D6EC28543361}"
EndProject
Project("{FAE04EC0-301F-11D3-BF4B-00C04F79EFBC}") = "RequestReplyWorker", "Samples\Load Balancing Pattern\Extended Request Reply\RequestReplyWorker\RequestReplyWorker.csproj", "{63AAFEDF-47DC-4137-BE93-2F9AB4DA5136}"
EndProject
Project("{FAE04EC0-301F-11D3-BF4B-00C04F79EFBC}") = "NetMQ3.5", "NetMQ\NetMQ3.5.csproj", "{FA712B74-D68A-4053-BB0F-A3ED1FBEABC1}"
EndProject
Project("{FAE04EC0-301F-11D3-BF4B-00C04F79EFBC}") = "NetMQ3.5.Tests", "NetMQ.Tests\NetMQ3.5.Tests.csproj", "{0DCC76AA-ED4A-4DB8-9BE7-28168FF8834C}"
EndProject
Global
	GlobalSection(SolutionConfigurationPlatforms) = preSolution
		Debug|Any CPU = Debug|Any CPU
		Debug|Mixed Platforms = Debug|Mixed Platforms
		Debug|x64 = Debug|x64
		Debug|x86 = Debug|x86
		Release|Any CPU = Release|Any CPU
		Release|Mixed Platforms = Release|Mixed Platforms
		Release|x64 = Release|x64
		Release|x86 = Release|x86
	EndGlobalSection
	GlobalSection(ProjectConfigurationPlatforms) = postSolution
		{82934BAC-07FB-41AC-AE59-46FEE6026A40}.Debug|Any CPU.ActiveCfg = Debug|Any CPU
		{82934BAC-07FB-41AC-AE59-46FEE6026A40}.Debug|Any CPU.Build.0 = Debug|Any CPU
		{82934BAC-07FB-41AC-AE59-46FEE6026A40}.Debug|Mixed Platforms.ActiveCfg = Debug|Any CPU
		{82934BAC-07FB-41AC-AE59-46FEE6026A40}.Debug|Mixed Platforms.Build.0 = Debug|Any CPU
		{82934BAC-07FB-41AC-AE59-46FEE6026A40}.Debug|x64.ActiveCfg = Debug|Any CPU
		{82934BAC-07FB-41AC-AE59-46FEE6026A40}.Debug|x86.ActiveCfg = Debug|Any CPU
		{82934BAC-07FB-41AC-AE59-46FEE6026A40}.Release|Any CPU.ActiveCfg = Release|Any CPU
		{82934BAC-07FB-41AC-AE59-46FEE6026A40}.Release|Any CPU.Build.0 = Release|Any CPU
		{82934BAC-07FB-41AC-AE59-46FEE6026A40}.Release|Mixed Platforms.ActiveCfg = Release|Any CPU
		{82934BAC-07FB-41AC-AE59-46FEE6026A40}.Release|Mixed Platforms.Build.0 = Release|Any CPU
		{82934BAC-07FB-41AC-AE59-46FEE6026A40}.Release|x64.ActiveCfg = Release|Any CPU
		{82934BAC-07FB-41AC-AE59-46FEE6026A40}.Release|x86.ActiveCfg = Release|Any CPU
		{82934BAC-07FB-41AC-AE59-46FEE6026A40}.Release|x86.Build.0 = Release|Any CPU
		{0CF55C84-64D1-4E50-BCD2-14F4D39DE2BF}.Debug|Any CPU.ActiveCfg = Debug|x86
		{0CF55C84-64D1-4E50-BCD2-14F4D39DE2BF}.Debug|Mixed Platforms.ActiveCfg = Debug|x86
		{0CF55C84-64D1-4E50-BCD2-14F4D39DE2BF}.Debug|Mixed Platforms.Build.0 = Debug|x86
		{0CF55C84-64D1-4E50-BCD2-14F4D39DE2BF}.Debug|x64.ActiveCfg = Debug|x86
		{0CF55C84-64D1-4E50-BCD2-14F4D39DE2BF}.Debug|x86.ActiveCfg = Debug|x86
		{0CF55C84-64D1-4E50-BCD2-14F4D39DE2BF}.Debug|x86.Build.0 = Debug|x86
		{0CF55C84-64D1-4E50-BCD2-14F4D39DE2BF}.Release|Any CPU.ActiveCfg = Release|x86
		{0CF55C84-64D1-4E50-BCD2-14F4D39DE2BF}.Release|Mixed Platforms.ActiveCfg = Release|x86
		{0CF55C84-64D1-4E50-BCD2-14F4D39DE2BF}.Release|Mixed Platforms.Build.0 = Release|x86
		{0CF55C84-64D1-4E50-BCD2-14F4D39DE2BF}.Release|x64.ActiveCfg = Release|x86
		{0CF55C84-64D1-4E50-BCD2-14F4D39DE2BF}.Release|x86.ActiveCfg = Release|x86
		{0CF55C84-64D1-4E50-BCD2-14F4D39DE2BF}.Release|x86.Build.0 = Release|x86
		{BFCBB08C-0DFE-4D8A-8288-E98E22D1FD24}.Debug|Any CPU.ActiveCfg = Debug|x86
		{BFCBB08C-0DFE-4D8A-8288-E98E22D1FD24}.Debug|Mixed Platforms.ActiveCfg = Debug|x86
		{BFCBB08C-0DFE-4D8A-8288-E98E22D1FD24}.Debug|Mixed Platforms.Build.0 = Debug|x86
		{BFCBB08C-0DFE-4D8A-8288-E98E22D1FD24}.Debug|x64.ActiveCfg = Debug|x86
		{BFCBB08C-0DFE-4D8A-8288-E98E22D1FD24}.Debug|x86.ActiveCfg = Debug|x86
		{BFCBB08C-0DFE-4D8A-8288-E98E22D1FD24}.Debug|x86.Build.0 = Debug|x86
		{BFCBB08C-0DFE-4D8A-8288-E98E22D1FD24}.Release|Any CPU.ActiveCfg = Release|x86
		{BFCBB08C-0DFE-4D8A-8288-E98E22D1FD24}.Release|Mixed Platforms.ActiveCfg = Release|x86
		{BFCBB08C-0DFE-4D8A-8288-E98E22D1FD24}.Release|Mixed Platforms.Build.0 = Release|x86
		{BFCBB08C-0DFE-4D8A-8288-E98E22D1FD24}.Release|x64.ActiveCfg = Release|x86
		{BFCBB08C-0DFE-4D8A-8288-E98E22D1FD24}.Release|x86.ActiveCfg = Release|x86
		{BFCBB08C-0DFE-4D8A-8288-E98E22D1FD24}.Release|x86.Build.0 = Release|x86
		{526095CB-16A6-47C3-9F45-72A8530E5762}.Debug|Any CPU.ActiveCfg = Debug|Any CPU
		{526095CB-16A6-47C3-9F45-72A8530E5762}.Debug|Any CPU.Build.0 = Debug|Any CPU
		{526095CB-16A6-47C3-9F45-72A8530E5762}.Debug|Mixed Platforms.ActiveCfg = Debug|Any CPU
		{526095CB-16A6-47C3-9F45-72A8530E5762}.Debug|Mixed Platforms.Build.0 = Debug|Any CPU
		{526095CB-16A6-47C3-9F45-72A8530E5762}.Debug|x64.ActiveCfg = Debug|Any CPU
		{526095CB-16A6-47C3-9F45-72A8530E5762}.Debug|x86.ActiveCfg = Debug|Any CPU
		{526095CB-16A6-47C3-9F45-72A8530E5762}.Release|Any CPU.ActiveCfg = Release|Any CPU
		{526095CB-16A6-47C3-9F45-72A8530E5762}.Release|Any CPU.Build.0 = Release|Any CPU
		{526095CB-16A6-47C3-9F45-72A8530E5762}.Release|Mixed Platforms.ActiveCfg = Release|Any CPU
		{526095CB-16A6-47C3-9F45-72A8530E5762}.Release|Mixed Platforms.Build.0 = Release|Any CPU
		{526095CB-16A6-47C3-9F45-72A8530E5762}.Release|x64.ActiveCfg = Release|Any CPU
		{526095CB-16A6-47C3-9F45-72A8530E5762}.Release|x86.ActiveCfg = Release|Any CPU
		{6D5192C6-8E40-492C-B4B8-E1A325BA35F7}.Debug|Any CPU.ActiveCfg = Debug|x86
		{6D5192C6-8E40-492C-B4B8-E1A325BA35F7}.Debug|Mixed Platforms.ActiveCfg = Debug|x86
		{6D5192C6-8E40-492C-B4B8-E1A325BA35F7}.Debug|Mixed Platforms.Build.0 = Debug|x86
		{6D5192C6-8E40-492C-B4B8-E1A325BA35F7}.Debug|x64.ActiveCfg = Debug|x86
		{6D5192C6-8E40-492C-B4B8-E1A325BA35F7}.Debug|x86.ActiveCfg = Debug|x86
		{6D5192C6-8E40-492C-B4B8-E1A325BA35F7}.Debug|x86.Build.0 = Debug|x86
		{6D5192C6-8E40-492C-B4B8-E1A325BA35F7}.Release|Any CPU.ActiveCfg = Release|x86
		{6D5192C6-8E40-492C-B4B8-E1A325BA35F7}.Release|Mixed Platforms.ActiveCfg = Release|x86
		{6D5192C6-8E40-492C-B4B8-E1A325BA35F7}.Release|Mixed Platforms.Build.0 = Release|x86
		{6D5192C6-8E40-492C-B4B8-E1A325BA35F7}.Release|x64.ActiveCfg = Release|x86
		{6D5192C6-8E40-492C-B4B8-E1A325BA35F7}.Release|x86.ActiveCfg = Release|x86
		{6D5192C6-8E40-492C-B4B8-E1A325BA35F7}.Release|x86.Build.0 = Release|x86
		{4BB8D1CB-12E1-4C88-ABE0-29358CD02101}.Debug|Any CPU.ActiveCfg = Debug|x86
		{4BB8D1CB-12E1-4C88-ABE0-29358CD02101}.Debug|Mixed Platforms.ActiveCfg = Debug|x86
		{4BB8D1CB-12E1-4C88-ABE0-29358CD02101}.Debug|Mixed Platforms.Build.0 = Debug|x86
		{4BB8D1CB-12E1-4C88-ABE0-29358CD02101}.Debug|x64.ActiveCfg = Debug|x86
		{4BB8D1CB-12E1-4C88-ABE0-29358CD02101}.Debug|x86.ActiveCfg = Debug|x86
		{4BB8D1CB-12E1-4C88-ABE0-29358CD02101}.Debug|x86.Build.0 = Debug|x86
		{4BB8D1CB-12E1-4C88-ABE0-29358CD02101}.Release|Any CPU.ActiveCfg = Release|x86
		{4BB8D1CB-12E1-4C88-ABE0-29358CD02101}.Release|Mixed Platforms.ActiveCfg = Release|x86
		{4BB8D1CB-12E1-4C88-ABE0-29358CD02101}.Release|Mixed Platforms.Build.0 = Release|x86
		{4BB8D1CB-12E1-4C88-ABE0-29358CD02101}.Release|x64.ActiveCfg = Release|x86
		{4BB8D1CB-12E1-4C88-ABE0-29358CD02101}.Release|x86.ActiveCfg = Release|x86
		{4BB8D1CB-12E1-4C88-ABE0-29358CD02101}.Release|x86.Build.0 = Release|x86
		{7AB16EE9-4A79-4BFB-8C0B-D1A076E34896}.Debug|Any CPU.ActiveCfg = Debug|Any CPU
		{7AB16EE9-4A79-4BFB-8C0B-D1A076E34896}.Debug|Any CPU.Build.0 = Debug|Any CPU
		{7AB16EE9-4A79-4BFB-8C0B-D1A076E34896}.Debug|Mixed Platforms.ActiveCfg = Debug|Any CPU
		{7AB16EE9-4A79-4BFB-8C0B-D1A076E34896}.Debug|Mixed Platforms.Build.0 = Debug|Any CPU
		{7AB16EE9-4A79-4BFB-8C0B-D1A076E34896}.Debug|x64.ActiveCfg = Debug|Any CPU
		{7AB16EE9-4A79-4BFB-8C0B-D1A076E34896}.Debug|x86.ActiveCfg = Debug|Any CPU
		{7AB16EE9-4A79-4BFB-8C0B-D1A076E34896}.Release|Any CPU.ActiveCfg = Release|Any CPU
		{7AB16EE9-4A79-4BFB-8C0B-D1A076E34896}.Release|Any CPU.Build.0 = Release|Any CPU
		{7AB16EE9-4A79-4BFB-8C0B-D1A076E34896}.Release|Mixed Platforms.ActiveCfg = Release|Any CPU
		{7AB16EE9-4A79-4BFB-8C0B-D1A076E34896}.Release|Mixed Platforms.Build.0 = Release|Any CPU
		{7AB16EE9-4A79-4BFB-8C0B-D1A076E34896}.Release|x64.ActiveCfg = Release|Any CPU
		{7AB16EE9-4A79-4BFB-8C0B-D1A076E34896}.Release|x86.ActiveCfg = Release|Any CPU
		{37B320C0-9E44-44EF-B89A-E671DBA4986B}.Debug|Any CPU.ActiveCfg = Debug|x86
		{37B320C0-9E44-44EF-B89A-E671DBA4986B}.Debug|Mixed Platforms.ActiveCfg = Debug|x86
		{37B320C0-9E44-44EF-B89A-E671DBA4986B}.Debug|Mixed Platforms.Build.0 = Debug|x86
		{37B320C0-9E44-44EF-B89A-E671DBA4986B}.Debug|x64.ActiveCfg = Debug|x86
		{37B320C0-9E44-44EF-B89A-E671DBA4986B}.Debug|x86.ActiveCfg = Debug|x86
		{37B320C0-9E44-44EF-B89A-E671DBA4986B}.Debug|x86.Build.0 = Debug|x86
		{37B320C0-9E44-44EF-B89A-E671DBA4986B}.Release|Any CPU.ActiveCfg = Release|x86
		{37B320C0-9E44-44EF-B89A-E671DBA4986B}.Release|Mixed Platforms.ActiveCfg = Release|x86
		{37B320C0-9E44-44EF-B89A-E671DBA4986B}.Release|Mixed Platforms.Build.0 = Release|x86
		{37B320C0-9E44-44EF-B89A-E671DBA4986B}.Release|x64.ActiveCfg = Release|x86
		{37B320C0-9E44-44EF-B89A-E671DBA4986B}.Release|x86.ActiveCfg = Release|x86
		{37B320C0-9E44-44EF-B89A-E671DBA4986B}.Release|x86.Build.0 = Release|x86
		{5B8F7740-EFD5-46B9-8A96-2E1F47385295}.Debug|Any CPU.ActiveCfg = Debug|x86
		{5B8F7740-EFD5-46B9-8A96-2E1F47385295}.Debug|Mixed Platforms.ActiveCfg = Debug|x86
		{5B8F7740-EFD5-46B9-8A96-2E1F47385295}.Debug|Mixed Platforms.Build.0 = Debug|x86
		{5B8F7740-EFD5-46B9-8A96-2E1F47385295}.Debug|x64.ActiveCfg = Debug|x86
		{5B8F7740-EFD5-46B9-8A96-2E1F47385295}.Debug|x86.ActiveCfg = Debug|x86
		{5B8F7740-EFD5-46B9-8A96-2E1F47385295}.Debug|x86.Build.0 = Debug|x86
		{5B8F7740-EFD5-46B9-8A96-2E1F47385295}.Release|Any CPU.ActiveCfg = Release|x86
		{5B8F7740-EFD5-46B9-8A96-2E1F47385295}.Release|Mixed Platforms.ActiveCfg = Release|x86
		{5B8F7740-EFD5-46B9-8A96-2E1F47385295}.Release|Mixed Platforms.Build.0 = Release|x86
		{5B8F7740-EFD5-46B9-8A96-2E1F47385295}.Release|x64.ActiveCfg = Release|x86
		{5B8F7740-EFD5-46B9-8A96-2E1F47385295}.Release|x86.ActiveCfg = Release|x86
		{5B8F7740-EFD5-46B9-8A96-2E1F47385295}.Release|x86.Build.0 = Release|x86
		{0A5BC1E9-BB65-40BC-83CA-7F68D528ECB4}.Debug|Any CPU.ActiveCfg = Debug|Any CPU
		{0A5BC1E9-BB65-40BC-83CA-7F68D528ECB4}.Debug|Any CPU.Build.0 = Debug|Any CPU
		{0A5BC1E9-BB65-40BC-83CA-7F68D528ECB4}.Debug|Mixed Platforms.ActiveCfg = Debug|Any CPU
		{0A5BC1E9-BB65-40BC-83CA-7F68D528ECB4}.Debug|Mixed Platforms.Build.0 = Debug|Any CPU
		{0A5BC1E9-BB65-40BC-83CA-7F68D528ECB4}.Debug|x64.ActiveCfg = Debug|Any CPU
		{0A5BC1E9-BB65-40BC-83CA-7F68D528ECB4}.Debug|x86.ActiveCfg = Debug|Any CPU
		{0A5BC1E9-BB65-40BC-83CA-7F68D528ECB4}.Release|Any CPU.ActiveCfg = Release|Any CPU
		{0A5BC1E9-BB65-40BC-83CA-7F68D528ECB4}.Release|Any CPU.Build.0 = Release|Any CPU
		{0A5BC1E9-BB65-40BC-83CA-7F68D528ECB4}.Release|Mixed Platforms.ActiveCfg = Release|Any CPU
		{0A5BC1E9-BB65-40BC-83CA-7F68D528ECB4}.Release|Mixed Platforms.Build.0 = Release|Any CPU
		{0A5BC1E9-BB65-40BC-83CA-7F68D528ECB4}.Release|x64.ActiveCfg = Release|Any CPU
		{0A5BC1E9-BB65-40BC-83CA-7F68D528ECB4}.Release|x86.ActiveCfg = Release|Any CPU
		{99E7E475-C96D-45EB-92D3-D25D6E89693A}.Debug|Any CPU.ActiveCfg = Debug|Any CPU
		{99E7E475-C96D-45EB-92D3-D25D6E89693A}.Debug|Any CPU.Build.0 = Debug|Any CPU
		{99E7E475-C96D-45EB-92D3-D25D6E89693A}.Debug|Mixed Platforms.ActiveCfg = Debug|Any CPU
		{99E7E475-C96D-45EB-92D3-D25D6E89693A}.Debug|Mixed Platforms.Build.0 = Debug|Any CPU
		{99E7E475-C96D-45EB-92D3-D25D6E89693A}.Debug|x64.ActiveCfg = Debug|Any CPU
		{99E7E475-C96D-45EB-92D3-D25D6E89693A}.Debug|x86.ActiveCfg = Debug|Any CPU
		{99E7E475-C96D-45EB-92D3-D25D6E89693A}.Release|Any CPU.ActiveCfg = Release|Any CPU
		{99E7E475-C96D-45EB-92D3-D25D6E89693A}.Release|Any CPU.Build.0 = Release|Any CPU
		{99E7E475-C96D-45EB-92D3-D25D6E89693A}.Release|Mixed Platforms.ActiveCfg = Release|Any CPU
		{99E7E475-C96D-45EB-92D3-D25D6E89693A}.Release|Mixed Platforms.Build.0 = Release|Any CPU
		{99E7E475-C96D-45EB-92D3-D25D6E89693A}.Release|x64.ActiveCfg = Release|Any CPU
		{99E7E475-C96D-45EB-92D3-D25D6E89693A}.Release|x86.ActiveCfg = Release|Any CPU
		{DE0D8B83-DAB8-4EAF-9336-0A1614165AD8}.Debug|Any CPU.ActiveCfg = Debug|Any CPU
		{DE0D8B83-DAB8-4EAF-9336-0A1614165AD8}.Debug|Any CPU.Build.0 = Debug|Any CPU
		{DE0D8B83-DAB8-4EAF-9336-0A1614165AD8}.Debug|Mixed Platforms.ActiveCfg = Debug|Any CPU
		{DE0D8B83-DAB8-4EAF-9336-0A1614165AD8}.Debug|Mixed Platforms.Build.0 = Debug|Any CPU
		{DE0D8B83-DAB8-4EAF-9336-0A1614165AD8}.Debug|x64.ActiveCfg = Debug|Any CPU
		{DE0D8B83-DAB8-4EAF-9336-0A1614165AD8}.Debug|x86.ActiveCfg = Debug|Any CPU
		{DE0D8B83-DAB8-4EAF-9336-0A1614165AD8}.Release|Any CPU.ActiveCfg = Release|Any CPU
		{DE0D8B83-DAB8-4EAF-9336-0A1614165AD8}.Release|Any CPU.Build.0 = Release|Any CPU
		{DE0D8B83-DAB8-4EAF-9336-0A1614165AD8}.Release|Mixed Platforms.ActiveCfg = Release|Any CPU
		{DE0D8B83-DAB8-4EAF-9336-0A1614165AD8}.Release|Mixed Platforms.Build.0 = Release|Any CPU
		{DE0D8B83-DAB8-4EAF-9336-0A1614165AD8}.Release|x64.ActiveCfg = Release|Any CPU
		{DE0D8B83-DAB8-4EAF-9336-0A1614165AD8}.Release|x86.ActiveCfg = Release|Any CPU
		{B3402B17-15B1-423D-B031-349ADBAFFC3E}.Debug|Any CPU.ActiveCfg = Debug|Any CPU
		{B3402B17-15B1-423D-B031-349ADBAFFC3E}.Debug|Any CPU.Build.0 = Debug|Any CPU
		{B3402B17-15B1-423D-B031-349ADBAFFC3E}.Debug|Mixed Platforms.ActiveCfg = Debug|Any CPU
		{B3402B17-15B1-423D-B031-349ADBAFFC3E}.Debug|Mixed Platforms.Build.0 = Debug|Any CPU
		{B3402B17-15B1-423D-B031-349ADBAFFC3E}.Debug|x64.ActiveCfg = Debug|Any CPU
		{B3402B17-15B1-423D-B031-349ADBAFFC3E}.Debug|x86.ActiveCfg = Debug|Any CPU
		{B3402B17-15B1-423D-B031-349ADBAFFC3E}.Release|Any CPU.ActiveCfg = Release|Any CPU
		{B3402B17-15B1-423D-B031-349ADBAFFC3E}.Release|Any CPU.Build.0 = Release|Any CPU
		{B3402B17-15B1-423D-B031-349ADBAFFC3E}.Release|Mixed Platforms.ActiveCfg = Release|Any CPU
		{B3402B17-15B1-423D-B031-349ADBAFFC3E}.Release|Mixed Platforms.Build.0 = Release|Any CPU
		{B3402B17-15B1-423D-B031-349ADBAFFC3E}.Release|x64.ActiveCfg = Release|Any CPU
		{B3402B17-15B1-423D-B031-349ADBAFFC3E}.Release|x86.ActiveCfg = Release|Any CPU
		{717F3F1C-BA8B-4212-AA40-AD0452952793}.Debug|Any CPU.ActiveCfg = Debug|Any CPU
		{717F3F1C-BA8B-4212-AA40-AD0452952793}.Debug|Any CPU.Build.0 = Debug|Any CPU
		{717F3F1C-BA8B-4212-AA40-AD0452952793}.Debug|Mixed Platforms.ActiveCfg = Debug|Any CPU
		{717F3F1C-BA8B-4212-AA40-AD0452952793}.Debug|Mixed Platforms.Build.0 = Debug|Any CPU
		{717F3F1C-BA8B-4212-AA40-AD0452952793}.Debug|x64.ActiveCfg = Debug|Any CPU
		{717F3F1C-BA8B-4212-AA40-AD0452952793}.Debug|x86.ActiveCfg = Debug|Any CPU
		{717F3F1C-BA8B-4212-AA40-AD0452952793}.Release|Any CPU.ActiveCfg = Release|Any CPU
		{717F3F1C-BA8B-4212-AA40-AD0452952793}.Release|Any CPU.Build.0 = Release|Any CPU
		{717F3F1C-BA8B-4212-AA40-AD0452952793}.Release|Mixed Platforms.ActiveCfg = Release|Any CPU
		{717F3F1C-BA8B-4212-AA40-AD0452952793}.Release|Mixed Platforms.Build.0 = Release|Any CPU
		{717F3F1C-BA8B-4212-AA40-AD0452952793}.Release|x64.ActiveCfg = Release|Any CPU
		{717F3F1C-BA8B-4212-AA40-AD0452952793}.Release|x86.ActiveCfg = Release|Any CPU
		{859618CC-4269-42F4-95A1-35CC5D682022}.Debug|Any CPU.ActiveCfg = Debug|Any CPU
		{859618CC-4269-42F4-95A1-35CC5D682022}.Debug|Any CPU.Build.0 = Debug|Any CPU
		{859618CC-4269-42F4-95A1-35CC5D682022}.Debug|Mixed Platforms.ActiveCfg = Debug|Any CPU
		{859618CC-4269-42F4-95A1-35CC5D682022}.Debug|Mixed Platforms.Build.0 = Debug|Any CPU
		{859618CC-4269-42F4-95A1-35CC5D682022}.Debug|x64.ActiveCfg = Debug|Any CPU
		{859618CC-4269-42F4-95A1-35CC5D682022}.Debug|x86.ActiveCfg = Debug|Any CPU
		{859618CC-4269-42F4-95A1-35CC5D682022}.Release|Any CPU.ActiveCfg = Release|Any CPU
		{859618CC-4269-42F4-95A1-35CC5D682022}.Release|Any CPU.Build.0 = Release|Any CPU
		{859618CC-4269-42F4-95A1-35CC5D682022}.Release|Mixed Platforms.ActiveCfg = Release|Any CPU
		{859618CC-4269-42F4-95A1-35CC5D682022}.Release|Mixed Platforms.Build.0 = Release|Any CPU
		{859618CC-4269-42F4-95A1-35CC5D682022}.Release|x64.ActiveCfg = Release|Any CPU
		{859618CC-4269-42F4-95A1-35CC5D682022}.Release|x86.ActiveCfg = Release|Any CPU
		{AF3B21D1-F86D-49D1-BE76-DF17F27EFF3F}.Debug|Any CPU.ActiveCfg = Debug|Any CPU
		{AF3B21D1-F86D-49D1-BE76-DF17F27EFF3F}.Debug|Any CPU.Build.0 = Debug|Any CPU
		{AF3B21D1-F86D-49D1-BE76-DF17F27EFF3F}.Debug|Mixed Platforms.ActiveCfg = Debug|Any CPU
		{AF3B21D1-F86D-49D1-BE76-DF17F27EFF3F}.Debug|Mixed Platforms.Build.0 = Debug|Any CPU
		{AF3B21D1-F86D-49D1-BE76-DF17F27EFF3F}.Debug|x64.ActiveCfg = Debug|Any CPU
		{AF3B21D1-F86D-49D1-BE76-DF17F27EFF3F}.Debug|x86.ActiveCfg = Debug|Any CPU
		{AF3B21D1-F86D-49D1-BE76-DF17F27EFF3F}.Release|Any CPU.ActiveCfg = Release|Any CPU
		{AF3B21D1-F86D-49D1-BE76-DF17F27EFF3F}.Release|Any CPU.Build.0 = Release|Any CPU
		{AF3B21D1-F86D-49D1-BE76-DF17F27EFF3F}.Release|Mixed Platforms.ActiveCfg = Release|Any CPU
		{AF3B21D1-F86D-49D1-BE76-DF17F27EFF3F}.Release|Mixed Platforms.Build.0 = Release|Any CPU
		{AF3B21D1-F86D-49D1-BE76-DF17F27EFF3F}.Release|x64.ActiveCfg = Release|Any CPU
		{AF3B21D1-F86D-49D1-BE76-DF17F27EFF3F}.Release|x86.ActiveCfg = Release|Any CPU
		{45B74B50-0E86-45B3-9B49-50D8B4F50212}.Debug|Any CPU.ActiveCfg = Debug|Any CPU
		{45B74B50-0E86-45B3-9B49-50D8B4F50212}.Debug|Any CPU.Build.0 = Debug|Any CPU
		{45B74B50-0E86-45B3-9B49-50D8B4F50212}.Debug|Mixed Platforms.ActiveCfg = Debug|Any CPU
		{45B74B50-0E86-45B3-9B49-50D8B4F50212}.Debug|Mixed Platforms.Build.0 = Debug|Any CPU
		{45B74B50-0E86-45B3-9B49-50D8B4F50212}.Debug|x64.ActiveCfg = Debug|Any CPU
		{45B74B50-0E86-45B3-9B49-50D8B4F50212}.Debug|x86.ActiveCfg = Debug|Any CPU
		{45B74B50-0E86-45B3-9B49-50D8B4F50212}.Release|Any CPU.ActiveCfg = Release|Any CPU
		{45B74B50-0E86-45B3-9B49-50D8B4F50212}.Release|Any CPU.Build.0 = Release|Any CPU
		{45B74B50-0E86-45B3-9B49-50D8B4F50212}.Release|Mixed Platforms.ActiveCfg = Release|Any CPU
		{45B74B50-0E86-45B3-9B49-50D8B4F50212}.Release|Mixed Platforms.Build.0 = Release|Any CPU
		{45B74B50-0E86-45B3-9B49-50D8B4F50212}.Release|x64.ActiveCfg = Release|Any CPU
		{45B74B50-0E86-45B3-9B49-50D8B4F50212}.Release|x86.ActiveCfg = Release|Any CPU
		{72A7CABE-F118-4C05-8887-D7174EB10018}.Debug|Any CPU.ActiveCfg = Debug|Any CPU
		{72A7CABE-F118-4C05-8887-D7174EB10018}.Debug|Any CPU.Build.0 = Debug|Any CPU
		{72A7CABE-F118-4C05-8887-D7174EB10018}.Debug|Mixed Platforms.ActiveCfg = Debug|Any CPU
		{72A7CABE-F118-4C05-8887-D7174EB10018}.Debug|Mixed Platforms.Build.0 = Debug|Any CPU
		{72A7CABE-F118-4C05-8887-D7174EB10018}.Debug|x64.ActiveCfg = Debug|Any CPU
		{72A7CABE-F118-4C05-8887-D7174EB10018}.Debug|x86.ActiveCfg = Debug|Any CPU
		{72A7CABE-F118-4C05-8887-D7174EB10018}.Release|Any CPU.ActiveCfg = Release|Any CPU
		{72A7CABE-F118-4C05-8887-D7174EB10018}.Release|Any CPU.Build.0 = Release|Any CPU
		{72A7CABE-F118-4C05-8887-D7174EB10018}.Release|Mixed Platforms.ActiveCfg = Release|Any CPU
		{72A7CABE-F118-4C05-8887-D7174EB10018}.Release|Mixed Platforms.Build.0 = Release|Any CPU
		{72A7CABE-F118-4C05-8887-D7174EB10018}.Release|x64.ActiveCfg = Release|Any CPU
		{72A7CABE-F118-4C05-8887-D7174EB10018}.Release|x86.ActiveCfg = Release|Any CPU
		{47791A50-18FA-4534-974A-9C38AAF9EEAC}.Debug|Any CPU.ActiveCfg = Debug|Any CPU
		{47791A50-18FA-4534-974A-9C38AAF9EEAC}.Debug|Any CPU.Build.0 = Debug|Any CPU
		{47791A50-18FA-4534-974A-9C38AAF9EEAC}.Debug|Mixed Platforms.ActiveCfg = Debug|Any CPU
		{47791A50-18FA-4534-974A-9C38AAF9EEAC}.Debug|Mixed Platforms.Build.0 = Debug|Any CPU
		{47791A50-18FA-4534-974A-9C38AAF9EEAC}.Debug|x64.ActiveCfg = Debug|Any CPU
		{47791A50-18FA-4534-974A-9C38AAF9EEAC}.Debug|x86.ActiveCfg = Debug|Any CPU
		{47791A50-18FA-4534-974A-9C38AAF9EEAC}.Release|Any CPU.ActiveCfg = Release|Any CPU
		{47791A50-18FA-4534-974A-9C38AAF9EEAC}.Release|Any CPU.Build.0 = Release|Any CPU
		{47791A50-18FA-4534-974A-9C38AAF9EEAC}.Release|Mixed Platforms.ActiveCfg = Release|Any CPU
		{47791A50-18FA-4534-974A-9C38AAF9EEAC}.Release|Mixed Platforms.Build.0 = Release|Any CPU
		{47791A50-18FA-4534-974A-9C38AAF9EEAC}.Release|x64.ActiveCfg = Release|Any CPU
		{47791A50-18FA-4534-974A-9C38AAF9EEAC}.Release|x86.ActiveCfg = Release|Any CPU
		{9D199424-9F3A-442B-B74B-6C4A97D601F7}.Debug|Any CPU.ActiveCfg = Debug|Any CPU
		{9D199424-9F3A-442B-B74B-6C4A97D601F7}.Debug|Any CPU.Build.0 = Debug|Any CPU
		{9D199424-9F3A-442B-B74B-6C4A97D601F7}.Debug|Mixed Platforms.ActiveCfg = Debug|x86
		{9D199424-9F3A-442B-B74B-6C4A97D601F7}.Debug|Mixed Platforms.Build.0 = Debug|x86
		{9D199424-9F3A-442B-B74B-6C4A97D601F7}.Debug|x64.ActiveCfg = Debug|x64
		{9D199424-9F3A-442B-B74B-6C4A97D601F7}.Debug|x86.ActiveCfg = Debug|x86
		{9D199424-9F3A-442B-B74B-6C4A97D601F7}.Release|Any CPU.ActiveCfg = Release|Any CPU
		{9D199424-9F3A-442B-B74B-6C4A97D601F7}.Release|Any CPU.Build.0 = Release|Any CPU
		{9D199424-9F3A-442B-B74B-6C4A97D601F7}.Release|Mixed Platforms.ActiveCfg = Release|x86
		{9D199424-9F3A-442B-B74B-6C4A97D601F7}.Release|Mixed Platforms.Build.0 = Release|x86
		{9D199424-9F3A-442B-B74B-6C4A97D601F7}.Release|x64.ActiveCfg = Release|x64
		{9D199424-9F3A-442B-B74B-6C4A97D601F7}.Release|x86.ActiveCfg = Release|x86
		{6CEDB2F2-013F-4EF2-BB69-16B6D5E8962A}.Debug|Any CPU.ActiveCfg = Debug|Any CPU
		{6CEDB2F2-013F-4EF2-BB69-16B6D5E8962A}.Debug|Any CPU.Build.0 = Debug|Any CPU
		{6CEDB2F2-013F-4EF2-BB69-16B6D5E8962A}.Debug|Mixed Platforms.ActiveCfg = Debug|Any CPU
		{6CEDB2F2-013F-4EF2-BB69-16B6D5E8962A}.Debug|Mixed Platforms.Build.0 = Debug|Any CPU
		{6CEDB2F2-013F-4EF2-BB69-16B6D5E8962A}.Debug|x64.ActiveCfg = Debug|Any CPU
		{6CEDB2F2-013F-4EF2-BB69-16B6D5E8962A}.Debug|x86.ActiveCfg = Debug|Any CPU
		{6CEDB2F2-013F-4EF2-BB69-16B6D5E8962A}.Release|Any CPU.ActiveCfg = Release|Any CPU
		{6CEDB2F2-013F-4EF2-BB69-16B6D5E8962A}.Release|Any CPU.Build.0 = Release|Any CPU
		{6CEDB2F2-013F-4EF2-BB69-16B6D5E8962A}.Release|Mixed Platforms.ActiveCfg = Release|Any CPU
		{6CEDB2F2-013F-4EF2-BB69-16B6D5E8962A}.Release|Mixed Platforms.Build.0 = Release|Any CPU
		{6CEDB2F2-013F-4EF2-BB69-16B6D5E8962A}.Release|x64.ActiveCfg = Release|Any CPU
		{6CEDB2F2-013F-4EF2-BB69-16B6D5E8962A}.Release|x86.ActiveCfg = Release|Any CPU
		{5A370F99-247A-4238-8062-D6EC28543361}.Debug|Any CPU.ActiveCfg = Debug|Any CPU
		{5A370F99-247A-4238-8062-D6EC28543361}.Debug|Any CPU.Build.0 = Debug|Any CPU
		{5A370F99-247A-4238-8062-D6EC28543361}.Debug|Mixed Platforms.ActiveCfg = Debug|Any CPU
		{5A370F99-247A-4238-8062-D6EC28543361}.Debug|Mixed Platforms.Build.0 = Debug|Any CPU
		{5A370F99-247A-4238-8062-D6EC28543361}.Debug|x64.ActiveCfg = Debug|Any CPU
		{5A370F99-247A-4238-8062-D6EC28543361}.Debug|x86.ActiveCfg = Debug|Any CPU
		{5A370F99-247A-4238-8062-D6EC28543361}.Release|Any CPU.ActiveCfg = Release|Any CPU
		{5A370F99-247A-4238-8062-D6EC28543361}.Release|Any CPU.Build.0 = Release|Any CPU
		{5A370F99-247A-4238-8062-D6EC28543361}.Release|Mixed Platforms.ActiveCfg = Release|Any CPU
		{5A370F99-247A-4238-8062-D6EC28543361}.Release|Mixed Platforms.Build.0 = Release|Any CPU
		{5A370F99-247A-4238-8062-D6EC28543361}.Release|x64.ActiveCfg = Release|Any CPU
		{5A370F99-247A-4238-8062-D6EC28543361}.Release|x86.ActiveCfg = Release|Any CPU
		{63AAFEDF-47DC-4137-BE93-2F9AB4DA5136}.Debug|Any CPU.ActiveCfg = Debug|Any CPU
		{63AAFEDF-47DC-4137-BE93-2F9AB4DA5136}.Debug|Any CPU.Build.0 = Debug|Any CPU
		{63AAFEDF-47DC-4137-BE93-2F9AB4DA5136}.Debug|Mixed Platforms.ActiveCfg = Debug|Any CPU
		{63AAFEDF-47DC-4137-BE93-2F9AB4DA5136}.Debug|Mixed Platforms.Build.0 = Debug|Any CPU
		{63AAFEDF-47DC-4137-BE93-2F9AB4DA5136}.Debug|x64.ActiveCfg = Debug|Any CPU
		{63AAFEDF-47DC-4137-BE93-2F9AB4DA5136}.Debug|x86.ActiveCfg = Debug|Any CPU
		{63AAFEDF-47DC-4137-BE93-2F9AB4DA5136}.Release|Any CPU.ActiveCfg = Release|Any CPU
		{63AAFEDF-47DC-4137-BE93-2F9AB4DA5136}.Release|Any CPU.Build.0 = Release|Any CPU
		{63AAFEDF-47DC-4137-BE93-2F9AB4DA5136}.Release|Mixed Platforms.ActiveCfg = Release|Any CPU
		{63AAFEDF-47DC-4137-BE93-2F9AB4DA5136}.Release|Mixed Platforms.Build.0 = Release|Any CPU
		{63AAFEDF-47DC-4137-BE93-2F9AB4DA5136}.Release|x64.ActiveCfg = Release|Any CPU
		{63AAFEDF-47DC-4137-BE93-2F9AB4DA5136}.Release|x86.ActiveCfg = Release|Any CPU
		{FA712B74-D68A-4053-BB0F-A3ED1FBEABC1}.Debug|Any CPU.ActiveCfg = Debug|Any CPU
		{FA712B74-D68A-4053-BB0F-A3ED1FBEABC1}.Debug|Any CPU.Build.0 = Debug|Any CPU
		{FA712B74-D68A-4053-BB0F-A3ED1FBEABC1}.Debug|Mixed Platforms.ActiveCfg = Debug|Any CPU
		{FA712B74-D68A-4053-BB0F-A3ED1FBEABC1}.Debug|Mixed Platforms.Build.0 = Debug|Any CPU
		{FA712B74-D68A-4053-BB0F-A3ED1FBEABC1}.Debug|x64.ActiveCfg = Debug|Any CPU
		{FA712B74-D68A-4053-BB0F-A3ED1FBEABC1}.Debug|x86.ActiveCfg = Debug|Any CPU
		{FA712B74-D68A-4053-BB0F-A3ED1FBEABC1}.Release|Any CPU.ActiveCfg = Release|Any CPU
		{FA712B74-D68A-4053-BB0F-A3ED1FBEABC1}.Release|Any CPU.Build.0 = Release|Any CPU
		{FA712B74-D68A-4053-BB0F-A3ED1FBEABC1}.Release|Mixed Platforms.ActiveCfg = Release|Any CPU
		{FA712B74-D68A-4053-BB0F-A3ED1FBEABC1}.Release|Mixed Platforms.Build.0 = Release|Any CPU
		{FA712B74-D68A-4053-BB0F-A3ED1FBEABC1}.Release|x64.ActiveCfg = Release|Any CPU
		{FA712B74-D68A-4053-BB0F-A3ED1FBEABC1}.Release|x86.ActiveCfg = Release|Any CPU
		{0DCC76AA-ED4A-4DB8-9BE7-28168FF8834C}.Debug|Any CPU.ActiveCfg = Debug|Any CPU
		{0DCC76AA-ED4A-4DB8-9BE7-28168FF8834C}.Debug|Any CPU.Build.0 = Debug|Any CPU
		{0DCC76AA-ED4A-4DB8-9BE7-28168FF8834C}.Debug|Mixed Platforms.ActiveCfg = Debug|Any CPU
		{0DCC76AA-ED4A-4DB8-9BE7-28168FF8834C}.Debug|Mixed Platforms.Build.0 = Debug|Any CPU
		{0DCC76AA-ED4A-4DB8-9BE7-28168FF8834C}.Debug|x64.ActiveCfg = Debug|Any CPU
		{0DCC76AA-ED4A-4DB8-9BE7-28168FF8834C}.Debug|x86.ActiveCfg = Debug|Any CPU
		{0DCC76AA-ED4A-4DB8-9BE7-28168FF8834C}.Release|Any CPU.ActiveCfg = Release|Any CPU
		{0DCC76AA-ED4A-4DB8-9BE7-28168FF8834C}.Release|Any CPU.Build.0 = Release|Any CPU
		{0DCC76AA-ED4A-4DB8-9BE7-28168FF8834C}.Release|Mixed Platforms.ActiveCfg = Release|Any CPU
		{0DCC76AA-ED4A-4DB8-9BE7-28168FF8834C}.Release|Mixed Platforms.Build.0 = Release|Any CPU
		{0DCC76AA-ED4A-4DB8-9BE7-28168FF8834C}.Release|x64.ActiveCfg = Release|Any CPU
		{0DCC76AA-ED4A-4DB8-9BE7-28168FF8834C}.Release|x86.ActiveCfg = Release|Any CPU
	EndGlobalSection
	GlobalSection(SolutionProperties) = preSolution
		HideSolutionNode = FALSE
	EndGlobalSection
	GlobalSection(NestedProjects) = preSolution
		{0CF55C84-64D1-4E50-BCD2-14F4D39DE2BF} = {1D49A4C6-C03C-4F72-9A27-42C8E5219BBA}
		{BFCBB08C-0DFE-4D8A-8288-E98E22D1FD24} = {1D49A4C6-C03C-4F72-9A27-42C8E5219BBA}
		{6D5192C6-8E40-492C-B4B8-E1A325BA35F7} = {1D49A4C6-C03C-4F72-9A27-42C8E5219BBA}
		{4BB8D1CB-12E1-4C88-ABE0-29358CD02101} = {1D49A4C6-C03C-4F72-9A27-42C8E5219BBA}
		{C6CA5118-649F-4389-A36E-70F7600FB99B} = {0D41951D-83C3-45B0-B319-A424EBF530E2}
		{5A526E6B-083E-419A-A2BD-A0C807E6FA0E} = {0D41951D-83C3-45B0-B319-A424EBF530E2}
		{7AB16EE9-4A79-4BFB-8C0B-D1A076E34896} = {5A526E6B-083E-419A-A2BD-A0C807E6FA0E}
		{37B320C0-9E44-44EF-B89A-E671DBA4986B} = {C6CA5118-649F-4389-A36E-70F7600FB99B}
		{5B8F7740-EFD5-46B9-8A96-2E1F47385295} = {C6CA5118-649F-4389-A36E-70F7600FB99B}
		{CCC09B86-B0E6-47B4-B05A-8F10F2135F6C} = {0D41951D-83C3-45B0-B319-A424EBF530E2}
		{CE56606F-1893-48CD-B367-77BCD0D4252F} = {CCC09B86-B0E6-47B4-B05A-8F10F2135F6C}
		{0A5BC1E9-BB65-40BC-83CA-7F68D528ECB4} = {CE56606F-1893-48CD-B367-77BCD0D4252F}
		{99E7E475-C96D-45EB-92D3-D25D6E89693A} = {CE56606F-1893-48CD-B367-77BCD0D4252F}
		{55C902FD-5A18-43E3-A980-8B7E2A01B837} = {0D41951D-83C3-45B0-B319-A424EBF530E2}
		{DE0D8B83-DAB8-4EAF-9336-0A1614165AD8} = {55C902FD-5A18-43E3-A980-8B7E2A01B837}
		{B3402B17-15B1-423D-B031-349ADBAFFC3E} = {55C902FD-5A18-43E3-A980-8B7E2A01B837}
		{4DA03FE0-FA2B-4B71-B95C-60BD14359D40} = {0D41951D-83C3-45B0-B319-A424EBF530E2}
		{8F3B82AB-A6CE-4685-A846-83209A10A12B} = {4DA03FE0-FA2B-4B71-B95C-60BD14359D40}
		{717F3F1C-BA8B-4212-AA40-AD0452952793} = {8F3B82AB-A6CE-4685-A846-83209A10A12B}
		{859618CC-4269-42F4-95A1-35CC5D682022} = {8F3B82AB-A6CE-4685-A846-83209A10A12B}
		{FF804DE7-C99A-477C-9EC4-CCBEC87596AB} = {4DA03FE0-FA2B-4B71-B95C-60BD14359D40}
		{AF3B21D1-F86D-49D1-BE76-DF17F27EFF3F} = {FF804DE7-C99A-477C-9EC4-CCBEC87596AB}
		{45B74B50-0E86-45B3-9B49-50D8B4F50212} = {FF804DE7-C99A-477C-9EC4-CCBEC87596AB}
		{72A7CABE-F118-4C05-8887-D7174EB10018} = {FF804DE7-C99A-477C-9EC4-CCBEC87596AB}
		{48AFF127-33AE-4462-9CEF-B12F2FE6EB29} = {0D41951D-83C3-45B0-B319-A424EBF530E2}
		{A5499CDF-674E-42C4-B9C0-D1F18A61B0C6} = {48AFF127-33AE-4462-9CEF-B12F2FE6EB29}
		{47791A50-18FA-4534-974A-9C38AAF9EEAC} = {A5499CDF-674E-42C4-B9C0-D1F18A61B0C6}
		{9D199424-9F3A-442B-B74B-6C4A97D601F7} = {1D49A4C6-C03C-4F72-9A27-42C8E5219BBA}
		{31C67BA1-D6A4-4CA3-8332-D35F950C5F63} = {55C902FD-5A18-43E3-A980-8B7E2A01B837}
		{6CEDB2F2-013F-4EF2-BB69-16B6D5E8962A} = {31C67BA1-D6A4-4CA3-8332-D35F950C5F63}
		{5A370F99-247A-4238-8062-D6EC28543361} = {31C67BA1-D6A4-4CA3-8332-D35F950C5F63}
		{63AAFEDF-47DC-4137-BE93-2F9AB4DA5136} = {31C67BA1-D6A4-4CA3-8332-D35F950C5F63}
	EndGlobalSection
EndGlobal
